
Microsoft Visual Studio Solution File, Format Version 12.00
# Visual Studio Version 16
VisualStudioVersion = 16.0.31702.278
MinimumVisualStudioVersion = 10.0.40219.1
Project("{9A19103F-16F7-4668-BE54-9A1E7A4F7556}") = "Practice2", "..\Practice2\Practice2\Practice2.csproj", "{77F68A60-9D2E-494A-B2D5-157B4A869BA8}"
EndProject
Project("{9A19103F-16F7-4668-BE54-9A1E7A4F7556}") = "Practice1", "..\Practice1\Practice1\Practice1.csproj", "{530FC167-5FC7-4432-A6CC-FCBF38A4C2DF}"
EndProject
Project("{9A19103F-16F7-4668-BE54-9A1E7A4F7556}") = "Practice3", "..\Practice3\Practice3\Practice3.csproj", "{B3ADC776-1C26-4176-8986-4FA812AC1A38}"
EndProject
Project("{9A19103F-16F7-4668-BE54-9A1E7A4F7556}") = "Practice6", "..\Practice6\Practice6\Practice6.csproj", "{1BAFAC5B-FCDA-429B-844F-02234CEC7B94}"
EndProject
Project("{9A19103F-16F7-4668-BE54-9A1E7A4F7556}") = "CryptoRng", "Crypto\CryptoRng.csproj", "{124FE2F1-1154-461A-BF6D-13D2B5460193}"
EndProject
Project("{9A19103F-16F7-4668-BE54-9A1E7A4F7556}") = "Practice7", "Practice7\Practice7.csproj", "{CE871879-EC91-4B61-8F7E-BB4E184902EE}"
EndProject
Project("{9A19103F-16F7-4668-BE54-9A1E7A4F7556}") = "Practice5", "Practice5\Practice5.csproj", "{0126987F-9D42-48C1-9E99-47AF05879BCE}"
EndProject
Project("{9A19103F-16F7-4668-BE54-9A1E7A4F7556}") = "Console", "Terminal\Console.csproj", "{2ADA7B00-286C-4486-95AC-B3B9165D293A}"
EndProject
Project("{9A19103F-16F7-4668-BE54-9A1E7A4F7556}") = "Practice8", "Practice8\Practice8.csproj", "{14AC76D7-D3B2-4961-AC59-F75B13C52675}"
EndProject
Project("{9A19103F-16F7-4668-BE54-9A1E7A4F7556}") = "Practice9", "Practice9\Practice9.csproj", "{2DB86582-A53D-4B0E-AAC8-9AF01E82822F}"
EndProject
Project("{FAE04EC0-301F-11D3-BF4B-00C04F79EFBC}") = "Practice10", "Practice10\Practice10.csproj", "{84EB7F6A-1FCB-4A90-8BF2-C72A7CB12420}"
EndProject
Project("{FAE04EC0-301F-11D3-BF4B-00C04F79EFBC}") = "Practice11", "Practice11\Practice11.csproj", "{31BF3187-996A-4DD0-9C63-FB2E694E951A}"
EndProject
Global
	GlobalSection(SolutionConfigurationPlatforms) = preSolution
		Debug|Any CPU = Debug|Any CPU
		Release|Any CPU = Release|Any CPU
	EndGlobalSection
	GlobalSection(ProjectConfigurationPlatforms) = postSolution
		{77F68A60-9D2E-494A-B2D5-157B4A869BA8}.Debug|Any CPU.ActiveCfg = Debug|Any CPU
		{77F68A60-9D2E-494A-B2D5-157B4A869BA8}.Debug|Any CPU.Build.0 = Debug|Any CPU
		{77F68A60-9D2E-494A-B2D5-157B4A869BA8}.Release|Any CPU.ActiveCfg = Release|Any CPU
		{77F68A60-9D2E-494A-B2D5-157B4A869BA8}.Release|Any CPU.Build.0 = Release|Any CPU
		{530FC167-5FC7-4432-A6CC-FCBF38A4C2DF}.Debug|Any CPU.ActiveCfg = Debug|Any CPU
		{530FC167-5FC7-4432-A6CC-FCBF38A4C2DF}.Debug|Any CPU.Build.0 = Debug|Any CPU
		{530FC167-5FC7-4432-A6CC-FCBF38A4C2DF}.Release|Any CPU.ActiveCfg = Release|Any CPU
		{530FC167-5FC7-4432-A6CC-FCBF38A4C2DF}.Release|Any CPU.Build.0 = Release|Any CPU
		{B3ADC776-1C26-4176-8986-4FA812AC1A38}.Debug|Any CPU.ActiveCfg = Debug|Any CPU
		{B3ADC776-1C26-4176-8986-4FA812AC1A38}.Debug|Any CPU.Build.0 = Debug|Any CPU
		{B3ADC776-1C26-4176-8986-4FA812AC1A38}.Release|Any CPU.ActiveCfg = Release|Any CPU
		{B3ADC776-1C26-4176-8986-4FA812AC1A38}.Release|Any CPU.Build.0 = Release|Any CPU
		{1BAFAC5B-FCDA-429B-844F-02234CEC7B94}.Debug|Any CPU.ActiveCfg = Debug|Any CPU
		{1BAFAC5B-FCDA-429B-844F-02234CEC7B94}.Debug|Any CPU.Build.0 = Debug|Any CPU
		{1BAFAC5B-FCDA-429B-844F-02234CEC7B94}.Release|Any CPU.ActiveCfg = Release|Any CPU
		{1BAFAC5B-FCDA-429B-844F-02234CEC7B94}.Release|Any CPU.Build.0 = Release|Any CPU
		{124FE2F1-1154-461A-BF6D-13D2B5460193}.Debug|Any CPU.ActiveCfg = Debug|Any CPU
		{124FE2F1-1154-461A-BF6D-13D2B5460193}.Debug|Any CPU.Build.0 = Debug|Any CPU
		{124FE2F1-1154-461A-BF6D-13D2B5460193}.Release|Any CPU.ActiveCfg = Release|Any CPU
		{124FE2F1-1154-461A-BF6D-13D2B5460193}.Release|Any CPU.Build.0 = Release|Any CPU
		{CE871879-EC91-4B61-8F7E-BB4E184902EE}.Debug|Any CPU.ActiveCfg = Debug|Any CPU
		{CE871879-EC91-4B61-8F7E-BB4E184902EE}.Debug|Any CPU.Build.0 = Debug|Any CPU
		{CE871879-EC91-4B61-8F7E-BB4E184902EE}.Release|Any CPU.ActiveCfg = Release|Any CPU
		{CE871879-EC91-4B61-8F7E-BB4E184902EE}.Release|Any CPU.Build.0 = Release|Any CPU
		{0126987F-9D42-48C1-9E99-47AF05879BCE}.Debug|Any CPU.ActiveCfg = Debug|Any CPU
		{0126987F-9D42-48C1-9E99-47AF05879BCE}.Debug|Any CPU.Build.0 = Debug|Any CPU
		{0126987F-9D42-48C1-9E99-47AF05879BCE}.Release|Any CPU.ActiveCfg = Release|Any CPU
		{0126987F-9D42-48C1-9E99-47AF05879BCE}.Release|Any CPU.Build.0 = Release|Any CPU
		{2ADA7B00-286C-4486-95AC-B3B9165D293A}.Debug|Any CPU.ActiveCfg = Debug|Any CPU
		{2ADA7B00-286C-4486-95AC-B3B9165D293A}.Debug|Any CPU.Build.0 = Debug|Any CPU
		{2ADA7B00-286C-4486-95AC-B3B9165D293A}.Release|Any CPU.ActiveCfg = Release|Any CPU
		{2ADA7B00-286C-4486-95AC-B3B9165D293A}.Release|Any CPU.Build.0 = Release|Any CPU
		{14AC76D7-D3B2-4961-AC59-F75B13C52675}.Debug|Any CPU.ActiveCfg = Debug|Any CPU
		{14AC76D7-D3B2-4961-AC59-F75B13C52675}.Debug|Any CPU.Build.0 = Debug|Any CPU
		{14AC76D7-D3B2-4961-AC59-F75B13C52675}.Release|Any CPU.ActiveCfg = Release|Any CPU
		{14AC76D7-D3B2-4961-AC59-F75B13C52675}.Release|Any CPU.Build.0 = Release|Any CPU
		{2DB86582-A53D-4B0E-AAC8-9AF01E82822F}.Debug|Any CPU.ActiveCfg = Debug|Any CPU
		{2DB86582-A53D-4B0E-AAC8-9AF01E82822F}.Debug|Any CPU.Build.0 = Debug|Any CPU
		{2DB86582-A53D-4B0E-AAC8-9AF01E82822F}.Release|Any CPU.ActiveCfg = Release|Any CPU
		{2DB86582-A53D-4B0E-AAC8-9AF01E82822F}.Release|Any CPU.Build.0 = Release|Any CPU
		{84EB7F6A-1FCB-4A90-8BF2-C72A7CB12420}.Debug|Any CPU.ActiveCfg = Debug|Any CPU
		{84EB7F6A-1FCB-4A90-8BF2-C72A7CB12420}.Debug|Any CPU.Build.0 = Debug|Any CPU
		{84EB7F6A-1FCB-4A90-8BF2-C72A7CB12420}.Release|Any CPU.ActiveCfg = Release|Any CPU
		{84EB7F6A-1FCB-4A90-8BF2-C72A7CB12420}.Release|Any CPU.Build.0 = Release|Any CPU
		{31BF3187-996A-4DD0-9C63-FB2E694E951A}.Debug|Any CPU.ActiveCfg = Debug|Any CPU
		{31BF3187-996A-4DD0-9C63-FB2E694E951A}.Debug|Any CPU.Build.0 = Debug|Any CPU
		{31BF3187-996A-4DD0-9C63-FB2E694E951A}.Release|Any CPU.ActiveCfg = Release|Any CPU
		{31BF3187-996A-4DD0-9C63-FB2E694E951A}.Release|Any CPU.Build.0 = Release|Any CPU
	EndGlobalSection
	GlobalSection(SolutionProperties) = preSolution
		HideSolutionNode = FALSE
	EndGlobalSection
	GlobalSection(ExtensibilityGlobals) = postSolution
		SolutionGuid = {502DA1D5-6785-439A-A294-62EE2E6F7D39}
	EndGlobalSection
EndGlobal
